<?xml version="1.0" encoding="utf-8"?>
<Project ToolsVersion="4.0" xmlns="http://schemas.microsoft.com/developer/msbuild/2003">
  <ItemGroup>
    <ClCompile Include="PythonDebugModule.cpp">
      <Filter>Source Files</Filter>
    </ClCompile>
    <ClCompile Include="PythonLauncher.cpp">
      <Filter>Source Files</Filter>
    </ClCompile>
    <ClCompile Include="PythonMarshal.cpp">
      <Filter>Source Files</Filter>
    </ClCompile>
    <ClCompile Include="PythonUtils.cpp">
      <Filter>Source Files</Filter>
    </ClCompile>
    <ClCompile Include="Resource.cpp">
      <Filter>Source Files</Filter>
    </ClCompile>
    <ClCompile Include="StdAfx.cpp">
      <Filter>Source Files</Filter>
    </ClCompile>
  </ItemGroup>
  <ItemGroup>
    <ClInclude Include="PythonDebugModule.h">
      <Filter>Header Files</Filter>
    </ClInclude>
    <ClInclude Include="PythonLauncher.h">
      <Filter>Header Files</Filter>
    </ClInclude>
    <ClInclude Include="PythonMarshal.h">
      <Filter>Header Files</Filter>
    </ClInclude>
    <ClInclude Include="PythonUtils.h">
      <Filter>Header Files</Filter>
    </ClInclude>
    <ClInclude Include="Resource.h">
      <Filter>Header Files</Filter>
    </ClInclude>
    <ClInclude Include="StdAfx.h">
      <Filter>Header Files</Filter>
    </ClInclude>
  </ItemGroup>
  <ItemGroup>
    <Filter Include="Header Files">
      <UniqueIdentifier>{19155dd7-e118-4ef3-8107-fa39c488837f}</UniqueIdentifier>
    </Filter>
    <Filter Include="Source Files">
      <UniqueIdentifier>{ba080818-f79c-4926-adbb-3ba4fe8996f7}</UniqueIdentifier>
    </Filter>
  </ItemGroup>
</Project>