<?xml version="1.0" encoding="utf-8"?>
<Project ToolsVersion="4.0" xmlns="http://schemas.microsoft.com/developer/msbuild/2003">
  <ItemGroup>
    <ClCompile Include="RootLib\cyTemp\colorInfo.c" />
    <ClCompile Include="RootLib\cyTemp\consoleModule.c" />
    <ClCompile Include="RootLib\cyTemp\constInfo.c" />
    <ClCompile Include="RootLib\cyTemp\debugInfo.c" />
    <ClCompile Include="RootLib\cyTemp\dragon_soul_refine_settings.c" />
    <ClCompile Include="RootLib\cyTemp\emotion.c" />
    <ClCompile Include="RootLib\cyTemp\exception.c" />
    <ClCompile Include="RootLib\cyTemp\game.c" />
    <ClCompile Include="RootLib\cyTemp\interfaceModule.c" />
    <ClCompile Include="RootLib\cyTemp\introCreate.c" />
    <ClCompile Include="RootLib\cyTemp\introEmpire.c" />
    <ClCompile Include="RootLib\cyTemp\introLoading.c" />
    <ClCompile Include="RootLib\cyTemp\introLogin.c" />
    <ClCompile Include="RootLib\cyTemp\introLogo.c" />
    <ClCompile Include="RootLib\cyTemp\introSelect.c" />
    <ClCompile Include="RootLib\cyTemp\localeInfo.c" />
    <ClCompile Include="RootLib\cyTemp\mouseModule.c" />
    <ClCompile Include="RootLib\cyTemp\musicInfo.c" />
    <ClCompile Include="RootLib\cyTemp\networkModule.c" />
    <ClCompile Include="RootLib\cyTemp\New_introCreate.c" />
    <ClCompile Include="RootLib\cyTemp\New_introSelect.c" />
    <ClCompile Include="RootLib\cyTemp\osfInfo.c" />
    <ClCompile Include="RootLib\cyTemp\playerSettingModule.c" />
    <ClCompile Include="RootLib\cyTemp\Prototype.c" />
    <ClCompile Include="RootLib\cyTemp\serverCommandParser.c" />
    <ClCompile Include="RootLib\cyTemp\serverInfo.c" />
    <ClCompile Include="RootLib\cyTemp\stringCommander.c" />
    <ClCompile Include="RootLib\cyTemp\system.c" />
    <ClCompile Include="RootLib\cyTemp\ui.c" />
    <ClCompile Include="RootLib\cyTemp\uiAcce.c" />
    <ClCompile Include="RootLib\cyTemp\uiAffectShower.c" />
    <ClCompile Include="RootLib\cyTemp\uiAttachMetin.c" />
    <ClCompile Include="RootLib\cyTemp\uiAttr67Add.c" />
    <ClCompile Include="RootLib\cyTemp\uiAuction.c" />
    <ClCompile Include="RootLib\cyTemp\uiAutoBan.c" />
    <ClCompile Include="RootLib\cyTemp\uiCandidate.c" />
    <ClCompile Include="RootLib\cyTemp\uiChangeLook.c" />
    <ClCompile Include="RootLib\cyTemp\uiCharacter.c" />
    <ClCompile Include="RootLib\cyTemp\uiCharacterDetails.c" />
    <ClCompile Include="RootLib\cyTemp\uiChat.c" />
    <ClCompile Include="RootLib\cyTemp\uiCommon.c" />
    <ClCompile Include="RootLib\cyTemp\uiCube.c" />
    <ClCompile Include="RootLib\cyTemp\uiCubeRenewal.c" />
    <ClCompile Include="RootLib\cyTemp\uiDragonSoul.c" />
    <ClCompile Include="RootLib\cyTemp\uiEquipmentDialog.c" />
    <ClCompile Include="RootLib\cyTemp\uiEx.c" />
    <ClCompile Include="RootLib\cyTemp\uiExchange.c" />
    <ClCompile Include="RootLib\cyTemp\uiFishingGame.c" />
    <ClCompile Include="RootLib\cyTemp\uiGameButton.c" />
    <ClCompile Include="RootLib\cyTemp\uiGameOption.c" />
    <ClCompile Include="RootLib\cyTemp\uiGemShop.c" />
    <ClCompile Include="RootLib\cyTemp\uiGuild.c" />
    <ClCompile Include="RootLib\cyTemp\uiHelp.c" />
    <ClCompile Include="RootLib\cyTemp\uiInventory.c" />
    <ClCompile Include="RootLib\cyTemp\uiItemCombination.c" />
    <ClCompile Include="RootLib\cyTemp\uiKeyChange.c" />
    <ClCompile Include="RootLib\cyTemp\uiLootingSystem.c" />
    <ClCompile Include="RootLib\cyTemp\uiLuckyBox.c" />
    <ClCompile Include="RootLib\cyTemp\uiMailBox.c" />
    <ClCompile Include="RootLib\cyTemp\uiMapNameShower.c" />
    <ClCompile Include="RootLib\cyTemp\uiMessenger.c" />
    <ClCompile Include="RootLib\cyTemp\uiMiniGame.c" />
    <ClCompile Include="RootLib\cyTemp\uiMiniGameCatchKing.c" />
    <ClCompile Include="RootLib\cyTemp\uiMiniGameRumi.c" />
    <ClCompile Include="RootLib\cyTemp\uiMiniGameYutnori.c" />
    <ClCompile Include="RootLib\cyTemp\uiMiniMap.c" />
    <ClCompile Include="RootLib\cyTemp\uiMyShopDecoration.c" />
    <ClCompile Include="RootLib\cyTemp\uiOption.c" />
    <ClCompile Include="RootLib\cyTemp\uiParty.c" />
    <ClCompile Include="RootLib\cyTemp\uiPhaseCurtain.c" />
    <ClCompile Include="RootLib\cyTemp\uiPickETC.c" />
    <ClCompile Include="RootLib\cyTemp\uiPickMoney.c" />
    <ClCompile Include="RootLib\cyTemp\uiPlayerGauge.c" />
    <ClCompile Include="RootLib\cyTemp\uiPointReset.c" />
    <ClCompile Include="RootLib\cyTemp\uiPopupNotice.c" />
    <ClCompile Include="RootLib\cyTemp\uiPrivateShop.c" />
    <ClCompile Include="RootLib\cyTemp\uiPrivateShopBuilder.c" />
    <ClCompile Include="RootLib\cyTemp\uiPrivateShopSearch.c" />
    <ClCompile Include="RootLib\cyTemp\uiQuest.c" />
    <ClCompile Include="RootLib\cyTemp\uiRankingBoard.c" />
    <ClCompile Include="RootLib\cyTemp\uiRefine.c" />
    <ClCompile Include="RootLib\cyTemp\uiRestart.c" />
    <ClCompile Include="RootLib\cyTemp\uiSafebox.c" />
    <ClCompile Include="RootLib\cyTemp\uiScriptLocale.c" />
    <ClCompile Include="RootLib\cyTemp\uiSelectAttr.c" />
    <ClCompile Include="RootLib\cyTemp\uiSelectItem.c" />
    <ClCompile Include="RootLib\cyTemp\uiSelectItemEx.c" />
    <ClCompile Include="RootLib\cyTemp\uiSelectMusic.c" />
    <ClCompile Include="RootLib\cyTemp\uiShop.c" />
    <ClCompile Include="RootLib\cyTemp\uiSkillBookCombination.c" />
    <ClCompile Include="RootLib\cyTemp\uiSystem.c" />
    <ClCompile Include="RootLib\cyTemp\uiSystemOption.c" />
    <ClCompile Include="RootLib\cyTemp\uiTarget.c" />
    <ClCompile Include="RootLib\cyTemp\uiTaskBar.c" />
    <ClCompile Include="RootLib\cyTemp\uiTip.c" />
    <ClCompile Include="RootLib\cyTemp\uiToolTip.c" />
    <ClCompile Include="RootLib\cyTemp\uiUploadMark.c" />
    <ClCompile Include="RootLib\cyTemp\uiWeb.c" />
    <ClCompile Include="RootLib\cyTemp\uiWhisper.c" />
    <ClCompile Include="RootLib\cyTemp\uiAura.c" />
    <ClCompile Include="RootLib\cyTemp\uiSnowflakeStickEvent.c" />
    <ClCompile Include="RootLib\cyTemp\uiEscapePopup.c" />
  </ItemGroup>
</Project>